Microsoft Visual Studio Solution File, Format Version 12.00
# Visual Studio 14
Project("{8BC9CEB8-8B4A-11D0-8D11-00A0C91BC942}") = "ALL_BUILD", "ALL_BUILD.vcxproj", "{EBA3543C-C47A-4DB3-877F-14A122E3A04E}"
	ProjectSection(ProjectDependencies) = postProject
		{65E0E8D5-94C1-40B5-BC1C-234FE01AC186} = {65E0E8D5-94C1-40B5-BC1C-234FE01AC186}
		{CEDEFE65-044A-4FBE-A74A-C29775A45C8C} = {CEDEFE65-044A-4FBE-A74A-C29775A45C8C}
	EndProjectSection
EndProject
Project("{8BC9CEB8-8B4A-11D0-8D11-00A0C91BC942}") = "HelloWorld", "HelloWorld.vcxproj", "{65E0E8D5-94C1-40B5-BC1C-234FE01AC186}"
	ProjectSection(ProjectDependencies) = postProject
		{CEDEFE65-044A-4FBE-A74A-C29775A45C8C} = {CEDEFE65-044A-4FBE-A74A-C29775A45C8C}
	EndProjectSection
EndProject
Project("{8BC9CEB8-8B4A-11D0-8D11-00A0C91BC942}") = "ZERO_CHECK", "ZERO_CHECK.vcxproj", "{CEDEFE65-044A-4FBE-A74A-C29775A45C8C}"
	ProjectSection(ProjectDependencies) = postProject
	EndProjectSection
EndProject
Global
	GlobalSection(SolutionConfigurationPlatforms) = preSolution
		Debug|Win32 = Debug|Win32
		Release|Win32 = Release|Win32
		MinSizeRel|Win32 = MinSizeRel|Win32
		RelWithDebInfo|Win32 = RelWithDebInfo|Win32
	EndGlobalSection
	GlobalSection(ProjectConfigurationPlatforms) = postSolution
		{EBA3543C-C47A-4DB3-877F-14A122E3A04E}.Debug|Win32.ActiveCfg = Debug|Win32
		{EBA3543C-C47A-4DB3-877F-14A122E3A04E}.Release|Win32.ActiveCfg = Release|Win32
		{EBA3543C-C47A-4DB3-877F-14A122E3A04E}.MinSizeRel|Win32.ActiveCfg = MinSizeRel|Win32
		{EBA3543C-C47A-4DB3-877F-14A122E3A04E}.RelWithDebInfo|Win32.ActiveCfg = RelWithDebInfo|Win32
		{65E0E8D5-94C1-40B5-BC1C-234FE01AC186}.Debug|Win32.ActiveCfg = Debug|Win32
		{65E0E8D5-94C1-40B5-BC1C-234FE01AC186}.Debug|Win32.Build.0 = Debug|Win32
		{65E0E8D5-94C1-40B5-BC1C-234FE01AC186}.Release|Win32.ActiveCfg = Release|Win32
		{65E0E8D5-94C1-40B5-BC1C-234FE01AC186}.Release|Win32.Build.0 = Release|Win32
		{65E0E8D5-94C1-40B5-BC1C-234FE01AC186}.MinSizeRel|Win32.ActiveCfg = MinSizeRel|Win32
		{65E0E8D5-94C1-40B5-BC1C-234FE01AC186}.MinSizeRel|Win32.Build.0 = MinSizeRel|Win32
		{65E0E8D5-94C1-40B5-BC1C-234FE01AC186}.RelWithDebInfo|Win32.ActiveCfg = RelWithDebInfo|Win32
		{65E0E8D5-94C1-40B5-BC1C-234FE01AC186}.RelWithDebInfo|Win32.Build.0 = RelWithDebInfo|Win32
		{CEDEFE65-044A-4FBE-A74A-C29775A45C8C}.Debug|Win32.ActiveCfg = Debug|Win32
		{CEDEFE65-044A-4FBE-A74A-C29775A45C8C}.Debug|Win32.Build.0 = Debug|Win32
		{CEDEFE65-044A-4FBE-A74A-C29775A45C8C}.Release|Win32.ActiveCfg = Release|Win32
		{CEDEFE65-044A-4FBE-A74A-C29775A45C8C}.Release|Win32.Build.0 = Release|Win32
		{CEDEFE65-044A-4FBE-A74A-C29775A45C8C}.MinSizeRel|Win32.ActiveCfg = MinSizeRel|Win32
		{CEDEFE65-044A-4FBE-A74A-C29775A45C8C}.MinSizeRel|Win32.Build.0 = MinSizeRel|Win32
		{CEDEFE65-044A-4FBE-A74A-C29775A45C8C}.RelWithDebInfo|Win32.ActiveCfg = RelWithDebInfo|Win32
		{CEDEFE65-044A-4FBE-A74A-C29775A45C8C}.RelWithDebInfo|Win32.Build.0 = RelWithDebInfo|Win32
	EndGlobalSection
	GlobalSection(ExtensibilityGlobals) = postSolution
	EndGlobalSection
	GlobalSection(ExtensibilityAddIns) = postSolution
	EndGlobalSection
EndGlobal
