<?xml version="1.0" encoding="UTF-8"?>
<Project ToolsVersion="14.0" xmlns="http://schemas.microsoft.com/developer/msbuild/2003">
  <ItemGroup>
    <ClCompile Include="C:\Users\Karl\Documents\ECEN 489\GitHub\ECEN489-Fall2015\Students\ksgriesser11\Task 2\HelloWorld.cpp">
      <Filter>Source Files</Filter>
    </ClCompile>
  </ItemGroup>
  <ItemGroup>
    <CustomBuild Include="C:\Users\Karl\Documents\ECEN 489\GitHub\ECEN489-Fall2015\Students\ksgriesser11\Task 2\CMakeLists.txt" />
  </ItemGroup>
  <ItemGroup>
    <Filter Include="Source Files">
      <UniqueIdentifier>{EEEA0825-00C8-496B-9ED2-A4B0ADEE447A}</UniqueIdentifier>
    </Filter>
  </ItemGroup>
</Project>
