<?xml version="1.0" encoding="UTF-8"?>
<Project ToolsVersion="14.0" xmlns="http://schemas.microsoft.com/developer/msbuild/2003">
  <ItemGroup>
    <CustomBuild Include="C:\Users\Karl\Documents\ECEN 489\GitHub\ECEN489-Fall2015\Students\ksgriesser11\Task 2\CMakeFiles\2c568be2a30897b64830e006a9e7552f\generate.stamp.rule">
      <Filter>CMake Rules</Filter>
    </CustomBuild>
  </ItemGroup>
  <ItemGroup>
    <Filter Include="CMake Rules">
      <UniqueIdentifier>{2D20DB55-7823-4F1F-8EC1-B89DBB27B61D}</UniqueIdentifier>
    </Filter>
  </ItemGroup>
</Project>
